
Microsoft Visual Studio Solution File, Format Version 12.00
# Visual Studio 15
VisualStudioVersion = 15.0.27130.2010
MinimumVisualStudioVersion = 10.0.40219.1
Project("{8BC9CEB8-8B4A-11D0-8D11-00A0C91BC942}") = "6.4.소풍", "6.4.Picinic\6_Picinic.vcxproj", "{C6D2FA81-C3B1-4DE3-999C-78F40F9D6F42}"
EndProject
Project("{8BC9CEB8-8B4A-11D0-8D11-00A0C91BC942}") = "6.5.게임판덮기", "6.5.게임판덮기\6.5.게임판덮기.vcxproj", "{672A46D1-6F25-4637-9DAA-ADFB6DDC5E87}"
EndProject
Project("{8BC9CEB8-8B4A-11D0-8D11-00A0C91BC942}") = "6.6.여행하는 외판원 문제", "6.6.여행하는 외판원 문제\6.6.여행하는 외판원 문제.vcxproj", "{FB20D9D4-7E00-49F2-B5E3-F6B8FA99A1E7}"
EndProject
Project("{8BC9CEB8-8B4A-11D0-8D11-00A0C91BC942}") = "6.8.시계 맞추기", "6.8.시계 맞추기\6.8.시계 맞추기.vcxproj", "{06A3612E-F036-48F3-B6BB-A4EB992002F8}"
EndProject
Project("{8BC9CEB8-8B4A-11D0-8D11-00A0C91BC942}") = "7.4.울타리잘라내기", "7.4.울타리잘라내기\7.4.울타리잘라내기.vcxproj", "{8C575712-78CB-4327-AC13-8D95D9D6063F}"
EndProject
Project("{8BC9CEB8-8B4A-11D0-8D11-00A0C91BC942}") = "[완전탐섹]일곱난쟁이", "[완전탐섹]일곱난쟁이\[완전탐섹]일곱난쟁이.vcxproj", "{C183459E-6C3E-41C8-86E9-FF52EFFA07D4}"
EndProject
Project("{8BC9CEB8-8B4A-11D0-8D11-00A0C91BC942}") = "[완전탐색]로또", "[완전탐색]로또\[완전탐색]로또.vcxproj", "{163FEA8F-43ED-48C3-A4BF-097E5799F90B}"
EndProject
Project("{8BC9CEB8-8B4A-11D0-8D11-00A0C91BC942}") = "7.2.쿼드트리뒤집기", "7.2.쿼드트리뒤집기\7.2.쿼드트리뒤집기.vcxproj", "{873B5AB7-1DBB-409E-8722-1C3F29172A9D}"
EndProject
Project("{8BC9CEB8-8B4A-11D0-8D11-00A0C91BC942}") = "7.6.팬미팅", "7.6.팬미팅\7.6.팬미팅.vcxproj", "{81B1DFA9-E079-4994-8B98-3356B248D0AE}"
EndProject
Project("{8BC9CEB8-8B4A-11D0-8D11-00A0C91BC942}") = "[분할정복]종이의개수", "[분할정복]종이의개수\[분할정복]종이의개수.vcxproj", "{CA55FD85-84A8-4113-80DB-2D7CA166AB1B}"
EndProject
Project("{8BC9CEB8-8B4A-11D0-8D11-00A0C91BC942}") = "8.1.이항계수 계산", "8.1.이항계수 계산\8.1.이항계수 계산.vcxproj", "{A9DB124D-598D-4403-BF57-0580380513B5}"
EndProject
Project("{8BC9CEB8-8B4A-11D0-8D11-00A0C91BC942}") = "8.2.외발뛰기", "8.2.외발뛰기\8.2.외발뛰기.vcxproj", "{25914022-33DD-4A24-9BDA-63B02F679921}"
EndProject
Project("{8BC9CEB8-8B4A-11D0-8D11-00A0C91BC942}") = "7.1.수열의빠른합", "7.1.수열의빠른합\7.1.수열의빠른합.vcxproj", "{E0D822D9-5A61-4EDD-B9E5-82F1F9481545}"
EndProject
Project("{8BC9CEB8-8B4A-11D0-8D11-00A0C91BC942}") = "8.3.와일드카드", "8.3.와일드카드\8.3.와일드카드.vcxproj", "{A248915E-6F0B-4704-A44C-535F8A5A7231}"
EndProject
Project("{8BC9CEB8-8B4A-11D0-8D11-00A0C91BC942}") = "8.4.1.삼각형 위의 최대 경로", "8.4.1.삼각형 위의 최대 경로\8.4.1.삼각형 위의 최대 경로.vcxproj", "{5A879A7D-DB54-4961-9D48-4C51C2F6FC8E}"
EndProject
Project("{8BC9CEB8-8B4A-11D0-8D11-00A0C91BC942}") = "8.4.2.최대 증가 부분 수열", "8.4.2.최대 증가 부분 수열\8.4.2.최대 증가 부분 수열.vcxproj", "{27883E37-6D54-4583-B035-C75CFC245F12}"
EndProject
Project("{8BC9CEB8-8B4A-11D0-8D11-00A0C91BC942}") = "8.7.원주율외우기", "8.7.원주율외우기\8.7.원주율외우기.vcxproj", "{D0FEBDA4-C7BA-4A1D-9E00-6FD44AF3F12D}"
EndProject
Project("{8BC9CEB8-8B4A-11D0-8D11-00A0C91BC942}") = "8_11.1.타일링 방법의 수 세기", "8.11.1.타일링 방법의 수 세기\8.11.1.타일링 방법의 수 세기.vcxproj", "{B10EADFF-3B87-4EF3-BA05-5AE34C4F8850}"
EndProject
Project("{8BC9CEB8-8B4A-11D0-8D11-00A0C91BC942}") = "8_11.2.삼각형 위의 최대 경로 개수 세기", "8_11.2.삼각형 위의 최대 경로 개수 세기\8_11.2.삼각형 위의 최대 경로 개수 세기.vcxproj", "{4082E196-563B-4EDC-A877-2B6ABF235D1E}"
EndProject
Project("{8BC9CEB8-8B4A-11D0-8D11-00A0C91BC942}") = "8_11.3.우물을 기어오르는 달팽이", "8_11.3.우물을 기어오르는 달팽이\8_11.3.우물을 기어오르는 달팽이.vcxproj", "{FB4E60D0-0162-4091-8A9F-828AE73914E3}"
EndProject
Project("{8BC9CEB8-8B4A-11D0-8D11-00A0C91BC942}") = "8_12.비대칭 타일링", "8_12.비대칭 타일링\8_12.비대칭 타일링.vcxproj", "{442C989A-B499-4FD1-A95A-094C79804F99}"
EndProject
Project("{8BC9CEB8-8B4A-11D0-8D11-00A0C91BC942}") = "8.9.양자화", "8.9.양자화\8.9.양자화.vcxproj", "{4B940A7A-5420-4E03-9DB8-E704F7F4A179}"
EndProject
Project("{8BC9CEB8-8B4A-11D0-8D11-00A0C91BC942}") = "8_14.폴리오미노", "8_14.폴리오미노\8_14.폴리오미노.vcxproj", "{25563409-6CDD-481C-B8BA-88D4745CDE02}"
EndProject
Project("{8BC9CEB8-8B4A-11D0-8D11-00A0C91BC942}") = "8_16.두니발 박사의 탈옥", "8_16.두니발 박사의 탈옥\8_16.두니발 박사의 탈옥.vcxproj", "{5AE98FBD-0663-4D2B-B018-4FDD5ABB27DE}"
EndProject
Project("{8BC9CEB8-8B4A-11D0-8D11-00A0C91BC942}") = "[DP]피보나치 함수", "[DP]피보나치 함수\[DP]피보나치 함수.vcxproj", "{A85EE9BF-4670-4264-9E00-874216039452}"
EndProject
Project("{8BC9CEB8-8B4A-11D0-8D11-00A0C91BC942}") = "[분할정복]Z", "[분할정복]Z\[분할정복]Z.vcxproj", "{FD08DDDB-2696-46F3-B502-67C8FC87E1EC}"
EndProject
Project("{8BC9CEB8-8B4A-11D0-8D11-00A0C91BC942}") = "9.2.여행 짐 싸기", "9.2.여행 짐 싸기\9.2.여행 짐 싸기.vcxproj", "{8BC286EB-DC96-4889-985B-1E012544FF27}"
EndProject
Project("{8BC9CEB8-8B4A-11D0-8D11-00A0C91BC942}") = "[DP]RGB거리", "RGB거리\RGB거리.vcxproj", "{122B6A97-909B-490F-8E07-E883B7BF4460}"
EndProject
Project("{8BC9CEB8-8B4A-11D0-8D11-00A0C91BC942}") = "[DP]1로 만들기", "[DP]1로 만들기\[DP]1로 만들기.vcxproj", "{594FBF20-F9DD-4CB1-A971-61263A48D5C0}"
EndProject
Project("{8BC9CEB8-8B4A-11D0-8D11-00A0C91BC942}") = "[분할정복]종이의 개수", "종이의 개수\종이의 개수.vcxproj", "{DFE2EB04-8A32-432E-B747-096E3CDD9D6B}"
EndProject
Project("{8BC9CEB8-8B4A-11D0-8D11-00A0C91BC942}") = "9.6.1.모스 부호 사전", "9.6.1.모스 부호 사전\9.6.1.모스 부호 사전.vcxproj", "{0FEFF443-563F-4163-AB89-F028350D0924}"
EndProject
Project("{8BC9CEB8-8B4A-11D0-8D11-00A0C91BC942}") = "[DP]욕심쟁이 판다", "[DP]욕심쟁이 판다\[DP]욕심쟁이 판다.vcxproj", "{C27FF94F-D59C-4D39-A9F1-2DE46D660662}"
EndProject
Project("{8BC9CEB8-8B4A-11D0-8D11-00A0C91BC942}") = "9_16.틱택토", "9_16.틱택토\9_16.틱택토.vcxproj", "{DFD8CB01-A272-4DA3-987B-1326B737860C}"
EndProject
Project("{8BC9CEB8-8B4A-11D0-8D11-00A0C91BC942}") = "9_17.숫자 게임", "9_17.숫자 게임\9_17.숫자 게임.vcxproj", "{7BF341AC-AA88-463F-BCEA-62CA6A57980C}"
EndProject
Project("{8BC9CEB8-8B4A-11D0-8D11-00A0C91BC942}") = "9_21.삼각형 위의 최대 경로", "9_21.삼각형 위의 최대 경로\9_21.삼각형 위의 최대 경로.vcxproj", "{B940F0DC-2950-4B84-957F-287CC3B0D55C}"
EndProject
Project("{8BC9CEB8-8B4A-11D0-8D11-00A0C91BC942}") = "9_22.회전초밥", "9_22.회전초바\9_22.회전초바.vcxproj", "{2C05DE24-8AC0-47EE-AB06-ECACE5750E03}"
EndProject
Project("{8BC9CEB8-8B4A-11D0-8D11-00A0C91BC942}") = "9_24.지니어스", "9_24.지니어스\9_24.지니어스.vcxproj", "{D3BDA550-C617-4980-B1DE-647108CF5E92}"
EndProject
Project("{8BC9CEB8-8B4A-11D0-8D11-00A0C91BC942}") = "10.1.1.출전 순서 정하기", "10.1.1.출전 순서 정하기\10.1.1.출전 순서 정하기.vcxproj", "{CA861447-27CB-4843-A479-7AEB6EC4E521}"
EndProject
Global
	GlobalSection(SolutionConfigurationPlatforms) = preSolution
		Debug|Any CPU = Debug|Any CPU
		Debug|x64 = Debug|x64
		Debug|x86 = Debug|x86
		Release|Any CPU = Release|Any CPU
		Release|x64 = Release|x64
		Release|x86 = Release|x86
	EndGlobalSection
	GlobalSection(ProjectConfigurationPlatforms) = postSolution
		{C6D2FA81-C3B1-4DE3-999C-78F40F9D6F42}.Debug|Any CPU.ActiveCfg = Debug|Win32
		{C6D2FA81-C3B1-4DE3-999C-78F40F9D6F42}.Debug|x64.ActiveCfg = Debug|x64
		{C6D2FA81-C3B1-4DE3-999C-78F40F9D6F42}.Debug|x64.Build.0 = Debug|x64
		{C6D2FA81-C3B1-4DE3-999C-78F40F9D6F42}.Debug|x86.ActiveCfg = Debug|Win32
		{C6D2FA81-C3B1-4DE3-999C-78F40F9D6F42}.Debug|x86.Build.0 = Debug|Win32
		{C6D2FA81-C3B1-4DE3-999C-78F40F9D6F42}.Release|Any CPU.ActiveCfg = Release|Win32
		{C6D2FA81-C3B1-4DE3-999C-78F40F9D6F42}.Release|x64.ActiveCfg = Release|x64
		{C6D2FA81-C3B1-4DE3-999C-78F40F9D6F42}.Release|x64.Build.0 = Release|x64
		{C6D2FA81-C3B1-4DE3-999C-78F40F9D6F42}.Release|x86.ActiveCfg = Release|Win32
		{C6D2FA81-C3B1-4DE3-999C-78F40F9D6F42}.Release|x86.Build.0 = Release|Win32
		{672A46D1-6F25-4637-9DAA-ADFB6DDC5E87}.Debug|Any CPU.ActiveCfg = Debug|Win32
		{672A46D1-6F25-4637-9DAA-ADFB6DDC5E87}.Debug|x64.ActiveCfg = Debug|x64
		{672A46D1-6F25-4637-9DAA-ADFB6DDC5E87}.Debug|x64.Build.0 = Debug|x64
		{672A46D1-6F25-4637-9DAA-ADFB6DDC5E87}.Debug|x86.ActiveCfg = Debug|Win32
		{672A46D1-6F25-4637-9DAA-ADFB6DDC5E87}.Debug|x86.Build.0 = Debug|Win32
		{672A46D1-6F25-4637-9DAA-ADFB6DDC5E87}.Release|Any CPU.ActiveCfg = Release|Win32
		{672A46D1-6F25-4637-9DAA-ADFB6DDC5E87}.Release|x64.ActiveCfg = Release|x64
		{672A46D1-6F25-4637-9DAA-ADFB6DDC5E87}.Release|x64.Build.0 = Release|x64
		{672A46D1-6F25-4637-9DAA-ADFB6DDC5E87}.Release|x86.ActiveCfg = Release|Win32
		{672A46D1-6F25-4637-9DAA-ADFB6DDC5E87}.Release|x86.Build.0 = Release|Win32
		{FB20D9D4-7E00-49F2-B5E3-F6B8FA99A1E7}.Debug|Any CPU.ActiveCfg = Debug|Win32
		{FB20D9D4-7E00-49F2-B5E3-F6B8FA99A1E7}.Debug|x64.ActiveCfg = Debug|x64
		{FB20D9D4-7E00-49F2-B5E3-F6B8FA99A1E7}.Debug|x64.Build.0 = Debug|x64
		{FB20D9D4-7E00-49F2-B5E3-F6B8FA99A1E7}.Debug|x86.ActiveCfg = Debug|Win32
		{FB20D9D4-7E00-49F2-B5E3-F6B8FA99A1E7}.Debug|x86.Build.0 = Debug|Win32
		{FB20D9D4-7E00-49F2-B5E3-F6B8FA99A1E7}.Release|Any CPU.ActiveCfg = Release|Win32
		{FB20D9D4-7E00-49F2-B5E3-F6B8FA99A1E7}.Release|x64.ActiveCfg = Release|x64
		{FB20D9D4-7E00-49F2-B5E3-F6B8FA99A1E7}.Release|x64.Build.0 = Release|x64
		{FB20D9D4-7E00-49F2-B5E3-F6B8FA99A1E7}.Release|x86.ActiveCfg = Release|Win32
		{FB20D9D4-7E00-49F2-B5E3-F6B8FA99A1E7}.Release|x86.Build.0 = Release|Win32
		{06A3612E-F036-48F3-B6BB-A4EB992002F8}.Debug|Any CPU.ActiveCfg = Debug|Win32
		{06A3612E-F036-48F3-B6BB-A4EB992002F8}.Debug|x64.ActiveCfg = Debug|x64
		{06A3612E-F036-48F3-B6BB-A4EB992002F8}.Debug|x64.Build.0 = Debug|x64
		{06A3612E-F036-48F3-B6BB-A4EB992002F8}.Debug|x86.ActiveCfg = Debug|Win32
		{06A3612E-F036-48F3-B6BB-A4EB992002F8}.Debug|x86.Build.0 = Debug|Win32
		{06A3612E-F036-48F3-B6BB-A4EB992002F8}.Release|Any CPU.ActiveCfg = Release|Win32
		{06A3612E-F036-48F3-B6BB-A4EB992002F8}.Release|x64.ActiveCfg = Release|x64
		{06A3612E-F036-48F3-B6BB-A4EB992002F8}.Release|x64.Build.0 = Release|x64
		{06A3612E-F036-48F3-B6BB-A4EB992002F8}.Release|x86.ActiveCfg = Release|Win32
		{06A3612E-F036-48F3-B6BB-A4EB992002F8}.Release|x86.Build.0 = Release|Win32
		{8C575712-78CB-4327-AC13-8D95D9D6063F}.Debug|Any CPU.ActiveCfg = Debug|Win32
		{8C575712-78CB-4327-AC13-8D95D9D6063F}.Debug|x64.ActiveCfg = Debug|x64
		{8C575712-78CB-4327-AC13-8D95D9D6063F}.Debug|x64.Build.0 = Debug|x64
		{8C575712-78CB-4327-AC13-8D95D9D6063F}.Debug|x86.ActiveCfg = Debug|Win32
		{8C575712-78CB-4327-AC13-8D95D9D6063F}.Debug|x86.Build.0 = Debug|Win32
		{8C575712-78CB-4327-AC13-8D95D9D6063F}.Release|Any CPU.ActiveCfg = Release|Win32
		{8C575712-78CB-4327-AC13-8D95D9D6063F}.Release|x64.ActiveCfg = Release|x64
		{8C575712-78CB-4327-AC13-8D95D9D6063F}.Release|x64.Build.0 = Release|x64
		{8C575712-78CB-4327-AC13-8D95D9D6063F}.Release|x86.ActiveCfg = Release|Win32
		{8C575712-78CB-4327-AC13-8D95D9D6063F}.Release|x86.Build.0 = Release|Win32
		{C183459E-6C3E-41C8-86E9-FF52EFFA07D4}.Debug|Any CPU.ActiveCfg = Debug|Win32
		{C183459E-6C3E-41C8-86E9-FF52EFFA07D4}.Debug|x64.ActiveCfg = Debug|x64
		{C183459E-6C3E-41C8-86E9-FF52EFFA07D4}.Debug|x64.Build.0 = Debug|x64
		{C183459E-6C3E-41C8-86E9-FF52EFFA07D4}.Debug|x86.ActiveCfg = Debug|Win32
		{C183459E-6C3E-41C8-86E9-FF52EFFA07D4}.Debug|x86.Build.0 = Debug|Win32
		{C183459E-6C3E-41C8-86E9-FF52EFFA07D4}.Release|Any CPU.ActiveCfg = Release|Win32
		{C183459E-6C3E-41C8-86E9-FF52EFFA07D4}.Release|x64.ActiveCfg = Release|x64
		{C183459E-6C3E-41C8-86E9-FF52EFFA07D4}.Release|x64.Build.0 = Release|x64
		{C183459E-6C3E-41C8-86E9-FF52EFFA07D4}.Release|x86.ActiveCfg = Release|Win32
		{C183459E-6C3E-41C8-86E9-FF52EFFA07D4}.Release|x86.Build.0 = Release|Win32
		{163FEA8F-43ED-48C3-A4BF-097E5799F90B}.Debug|Any CPU.ActiveCfg = Debug|Win32
		{163FEA8F-43ED-48C3-A4BF-097E5799F90B}.Debug|x64.ActiveCfg = Debug|x64
		{163FEA8F-43ED-48C3-A4BF-097E5799F90B}.Debug|x64.Build.0 = Debug|x64
		{163FEA8F-43ED-48C3-A4BF-097E5799F90B}.Debug|x86.ActiveCfg = Debug|Win32
		{163FEA8F-43ED-48C3-A4BF-097E5799F90B}.Debug|x86.Build.0 = Debug|Win32
		{163FEA8F-43ED-48C3-A4BF-097E5799F90B}.Release|Any CPU.ActiveCfg = Release|Win32
		{163FEA8F-43ED-48C3-A4BF-097E5799F90B}.Release|x64.ActiveCfg = Release|x64
		{163FEA8F-43ED-48C3-A4BF-097E5799F90B}.Release|x64.Build.0 = Release|x64
		{163FEA8F-43ED-48C3-A4BF-097E5799F90B}.Release|x86.ActiveCfg = Release|Win32
		{163FEA8F-43ED-48C3-A4BF-097E5799F90B}.Release|x86.Build.0 = Release|Win32
		{873B5AB7-1DBB-409E-8722-1C3F29172A9D}.Debug|Any CPU.ActiveCfg = Debug|Win32
		{873B5AB7-1DBB-409E-8722-1C3F29172A9D}.Debug|x64.ActiveCfg = Debug|x64
		{873B5AB7-1DBB-409E-8722-1C3F29172A9D}.Debug|x64.Build.0 = Debug|x64
		{873B5AB7-1DBB-409E-8722-1C3F29172A9D}.Debug|x86.ActiveCfg = Debug|Win32
		{873B5AB7-1DBB-409E-8722-1C3F29172A9D}.Debug|x86.Build.0 = Debug|Win32
		{873B5AB7-1DBB-409E-8722-1C3F29172A9D}.Release|Any CPU.ActiveCfg = Release|Win32
		{873B5AB7-1DBB-409E-8722-1C3F29172A9D}.Release|x64.ActiveCfg = Release|x64
		{873B5AB7-1DBB-409E-8722-1C3F29172A9D}.Release|x64.Build.0 = Release|x64
		{873B5AB7-1DBB-409E-8722-1C3F29172A9D}.Release|x86.ActiveCfg = Release|Win32
		{873B5AB7-1DBB-409E-8722-1C3F29172A9D}.Release|x86.Build.0 = Release|Win32
		{81B1DFA9-E079-4994-8B98-3356B248D0AE}.Debug|Any CPU.ActiveCfg = Debug|Win32
		{81B1DFA9-E079-4994-8B98-3356B248D0AE}.Debug|x64.ActiveCfg = Debug|x64
		{81B1DFA9-E079-4994-8B98-3356B248D0AE}.Debug|x64.Build.0 = Debug|x64
		{81B1DFA9-E079-4994-8B98-3356B248D0AE}.Debug|x86.ActiveCfg = Debug|Win32
		{81B1DFA9-E079-4994-8B98-3356B248D0AE}.Debug|x86.Build.0 = Debug|Win32
		{81B1DFA9-E079-4994-8B98-3356B248D0AE}.Release|Any CPU.ActiveCfg = Release|Win32
		{81B1DFA9-E079-4994-8B98-3356B248D0AE}.Release|x64.ActiveCfg = Release|x64
		{81B1DFA9-E079-4994-8B98-3356B248D0AE}.Release|x64.Build.0 = Release|x64
		{81B1DFA9-E079-4994-8B98-3356B248D0AE}.Release|x86.ActiveCfg = Release|Win32
		{81B1DFA9-E079-4994-8B98-3356B248D0AE}.Release|x86.Build.0 = Release|Win32
		{CA55FD85-84A8-4113-80DB-2D7CA166AB1B}.Debug|Any CPU.ActiveCfg = Debug|Win32
		{CA55FD85-84A8-4113-80DB-2D7CA166AB1B}.Debug|x64.ActiveCfg = Debug|x64
		{CA55FD85-84A8-4113-80DB-2D7CA166AB1B}.Debug|x64.Build.0 = Debug|x64
		{CA55FD85-84A8-4113-80DB-2D7CA166AB1B}.Debug|x86.ActiveCfg = Debug|Win32
		{CA55FD85-84A8-4113-80DB-2D7CA166AB1B}.Debug|x86.Build.0 = Debug|Win32
		{CA55FD85-84A8-4113-80DB-2D7CA166AB1B}.Release|Any CPU.ActiveCfg = Release|Win32
		{CA55FD85-84A8-4113-80DB-2D7CA166AB1B}.Release|x64.ActiveCfg = Release|x64
		{CA55FD85-84A8-4113-80DB-2D7CA166AB1B}.Release|x64.Build.0 = Release|x64
		{CA55FD85-84A8-4113-80DB-2D7CA166AB1B}.Release|x86.ActiveCfg = Release|Win32
		{CA55FD85-84A8-4113-80DB-2D7CA166AB1B}.Release|x86.Build.0 = Release|Win32
		{A9DB124D-598D-4403-BF57-0580380513B5}.Debug|Any CPU.ActiveCfg = Debug|Win32
		{A9DB124D-598D-4403-BF57-0580380513B5}.Debug|x64.ActiveCfg = Debug|x64
		{A9DB124D-598D-4403-BF57-0580380513B5}.Debug|x64.Build.0 = Debug|x64
		{A9DB124D-598D-4403-BF57-0580380513B5}.Debug|x86.ActiveCfg = Debug|Win32
		{A9DB124D-598D-4403-BF57-0580380513B5}.Debug|x86.Build.0 = Debug|Win32
		{A9DB124D-598D-4403-BF57-0580380513B5}.Release|Any CPU.ActiveCfg = Release|Win32
		{A9DB124D-598D-4403-BF57-0580380513B5}.Release|x64.ActiveCfg = Release|x64
		{A9DB124D-598D-4403-BF57-0580380513B5}.Release|x64.Build.0 = Release|x64
		{A9DB124D-598D-4403-BF57-0580380513B5}.Release|x86.ActiveCfg = Release|Win32
		{A9DB124D-598D-4403-BF57-0580380513B5}.Release|x86.Build.0 = Release|Win32
		{25914022-33DD-4A24-9BDA-63B02F679921}.Debug|Any CPU.ActiveCfg = Debug|Win32
		{25914022-33DD-4A24-9BDA-63B02F679921}.Debug|x64.ActiveCfg = Debug|x64
		{25914022-33DD-4A24-9BDA-63B02F679921}.Debug|x64.Build.0 = Debug|x64
		{25914022-33DD-4A24-9BDA-63B02F679921}.Debug|x86.ActiveCfg = Debug|Win32
		{25914022-33DD-4A24-9BDA-63B02F679921}.Debug|x86.Build.0 = Debug|Win32
		{25914022-33DD-4A24-9BDA-63B02F679921}.Release|Any CPU.ActiveCfg = Release|Win32
		{25914022-33DD-4A24-9BDA-63B02F679921}.Release|x64.ActiveCfg = Release|x64
		{25914022-33DD-4A24-9BDA-63B02F679921}.Release|x64.Build.0 = Release|x64
		{25914022-33DD-4A24-9BDA-63B02F679921}.Release|x86.ActiveCfg = Release|Win32
		{25914022-33DD-4A24-9BDA-63B02F679921}.Release|x86.Build.0 = Release|Win32
		{E0D822D9-5A61-4EDD-B9E5-82F1F9481545}.Debug|Any CPU.ActiveCfg = Debug|Win32
		{E0D822D9-5A61-4EDD-B9E5-82F1F9481545}.Debug|x64.ActiveCfg = Debug|x64
		{E0D822D9-5A61-4EDD-B9E5-82F1F9481545}.Debug|x64.Build.0 = Debug|x64
		{E0D822D9-5A61-4EDD-B9E5-82F1F9481545}.Debug|x86.ActiveCfg = Debug|Win32
		{E0D822D9-5A61-4EDD-B9E5-82F1F9481545}.Debug|x86.Build.0 = Debug|Win32
		{E0D822D9-5A61-4EDD-B9E5-82F1F9481545}.Release|Any CPU.ActiveCfg = Release|Win32
		{E0D822D9-5A61-4EDD-B9E5-82F1F9481545}.Release|x64.ActiveCfg = Release|x64
		{E0D822D9-5A61-4EDD-B9E5-82F1F9481545}.Release|x64.Build.0 = Release|x64
		{E0D822D9-5A61-4EDD-B9E5-82F1F9481545}.Release|x86.ActiveCfg = Release|Win32
		{E0D822D9-5A61-4EDD-B9E5-82F1F9481545}.Release|x86.Build.0 = Release|Win32
		{A248915E-6F0B-4704-A44C-535F8A5A7231}.Debug|Any CPU.ActiveCfg = Debug|Win32
		{A248915E-6F0B-4704-A44C-535F8A5A7231}.Debug|x64.ActiveCfg = Debug|x64
		{A248915E-6F0B-4704-A44C-535F8A5A7231}.Debug|x64.Build.0 = Debug|x64
		{A248915E-6F0B-4704-A44C-535F8A5A7231}.Debug|x86.ActiveCfg = Debug|Win32
		{A248915E-6F0B-4704-A44C-535F8A5A7231}.Debug|x86.Build.0 = Debug|Win32
		{A248915E-6F0B-4704-A44C-535F8A5A7231}.Release|Any CPU.ActiveCfg = Release|Win32
		{A248915E-6F0B-4704-A44C-535F8A5A7231}.Release|x64.ActiveCfg = Release|x64
		{A248915E-6F0B-4704-A44C-535F8A5A7231}.Release|x64.Build.0 = Release|x64
		{A248915E-6F0B-4704-A44C-535F8A5A7231}.Release|x86.ActiveCfg = Release|Win32
		{A248915E-6F0B-4704-A44C-535F8A5A7231}.Release|x86.Build.0 = Release|Win32
		{5A879A7D-DB54-4961-9D48-4C51C2F6FC8E}.Debug|Any CPU.ActiveCfg = Debug|Win32
		{5A879A7D-DB54-4961-9D48-4C51C2F6FC8E}.Debug|x64.ActiveCfg = Debug|x64
		{5A879A7D-DB54-4961-9D48-4C51C2F6FC8E}.Debug|x64.Build.0 = Debug|x64
		{5A879A7D-DB54-4961-9D48-4C51C2F6FC8E}.Debug|x86.ActiveCfg = Debug|Win32
		{5A879A7D-DB54-4961-9D48-4C51C2F6FC8E}.Debug|x86.Build.0 = Debug|Win32
		{5A879A7D-DB54-4961-9D48-4C51C2F6FC8E}.Release|Any CPU.ActiveCfg = Release|Win32
		{5A879A7D-DB54-4961-9D48-4C51C2F6FC8E}.Release|x64.ActiveCfg = Release|x64
		{5A879A7D-DB54-4961-9D48-4C51C2F6FC8E}.Release|x64.Build.0 = Release|x64
		{5A879A7D-DB54-4961-9D48-4C51C2F6FC8E}.Release|x86.ActiveCfg = Release|Win32
		{5A879A7D-DB54-4961-9D48-4C51C2F6FC8E}.Release|x86.Build.0 = Release|Win32
		{27883E37-6D54-4583-B035-C75CFC245F12}.Debug|Any CPU.ActiveCfg = Debug|Win32
		{27883E37-6D54-4583-B035-C75CFC245F12}.Debug|x64.ActiveCfg = Debug|x64
		{27883E37-6D54-4583-B035-C75CFC245F12}.Debug|x64.Build.0 = Debug|x64
		{27883E37-6D54-4583-B035-C75CFC245F12}.Debug|x86.ActiveCfg = Debug|Win32
		{27883E37-6D54-4583-B035-C75CFC245F12}.Debug|x86.Build.0 = Debug|Win32
		{27883E37-6D54-4583-B035-C75CFC245F12}.Release|Any CPU.ActiveCfg = Release|Win32
		{27883E37-6D54-4583-B035-C75CFC245F12}.Release|x64.ActiveCfg = Release|x64
		{27883E37-6D54-4583-B035-C75CFC245F12}.Release|x64.Build.0 = Release|x64
		{27883E37-6D54-4583-B035-C75CFC245F12}.Release|x86.ActiveCfg = Release|Win32
		{27883E37-6D54-4583-B035-C75CFC245F12}.Release|x86.Build.0 = Release|Win32
		{D0FEBDA4-C7BA-4A1D-9E00-6FD44AF3F12D}.Debug|Any CPU.ActiveCfg = Debug|Win32
		{D0FEBDA4-C7BA-4A1D-9E00-6FD44AF3F12D}.Debug|x64.ActiveCfg = Debug|x64
		{D0FEBDA4-C7BA-4A1D-9E00-6FD44AF3F12D}.Debug|x64.Build.0 = Debug|x64
		{D0FEBDA4-C7BA-4A1D-9E00-6FD44AF3F12D}.Debug|x86.ActiveCfg = Debug|Win32
		{D0FEBDA4-C7BA-4A1D-9E00-6FD44AF3F12D}.Debug|x86.Build.0 = Debug|Win32
		{D0FEBDA4-C7BA-4A1D-9E00-6FD44AF3F12D}.Release|Any CPU.ActiveCfg = Release|Win32
		{D0FEBDA4-C7BA-4A1D-9E00-6FD44AF3F12D}.Release|x64.ActiveCfg = Release|x64
		{D0FEBDA4-C7BA-4A1D-9E00-6FD44AF3F12D}.Release|x64.Build.0 = Release|x64
		{D0FEBDA4-C7BA-4A1D-9E00-6FD44AF3F12D}.Release|x86.ActiveCfg = Release|Win32
		{D0FEBDA4-C7BA-4A1D-9E00-6FD44AF3F12D}.Release|x86.Build.0 = Release|Win32
		{B10EADFF-3B87-4EF3-BA05-5AE34C4F8850}.Debug|Any CPU.ActiveCfg = Debug|Win32
		{B10EADFF-3B87-4EF3-BA05-5AE34C4F8850}.Debug|x64.ActiveCfg = Debug|x64
		{B10EADFF-3B87-4EF3-BA05-5AE34C4F8850}.Debug|x64.Build.0 = Debug|x64
		{B10EADFF-3B87-4EF3-BA05-5AE34C4F8850}.Debug|x64.Deploy.0 = Debug|x64
		{B10EADFF-3B87-4EF3-BA05-5AE34C4F8850}.Debug|x86.ActiveCfg = Debug|Win32
		{B10EADFF-3B87-4EF3-BA05-5AE34C4F8850}.Debug|x86.Build.0 = Debug|Win32
		{B10EADFF-3B87-4EF3-BA05-5AE34C4F8850}.Release|Any CPU.ActiveCfg = Release|Win32
		{B10EADFF-3B87-4EF3-BA05-5AE34C4F8850}.Release|x64.ActiveCfg = Release|x64
		{B10EADFF-3B87-4EF3-BA05-5AE34C4F8850}.Release|x64.Build.0 = Release|x64
		{B10EADFF-3B87-4EF3-BA05-5AE34C4F8850}.Release|x64.Deploy.0 = Release|x64
		{B10EADFF-3B87-4EF3-BA05-5AE34C4F8850}.Release|x86.ActiveCfg = Release|Win32
		{B10EADFF-3B87-4EF3-BA05-5AE34C4F8850}.Release|x86.Build.0 = Release|Win32
		{B10EADFF-3B87-4EF3-BA05-5AE34C4F8850}.Release|x86.Deploy.0 = Release|Win32
		{4082E196-563B-4EDC-A877-2B6ABF235D1E}.Debug|Any CPU.ActiveCfg = Debug|Win32
		{4082E196-563B-4EDC-A877-2B6ABF235D1E}.Debug|x64.ActiveCfg = Debug|x64
		{4082E196-563B-4EDC-A877-2B6ABF235D1E}.Debug|x64.Build.0 = Debug|x64
		{4082E196-563B-4EDC-A877-2B6ABF235D1E}.Debug|x86.ActiveCfg = Debug|Win32
		{4082E196-563B-4EDC-A877-2B6ABF235D1E}.Debug|x86.Build.0 = Debug|Win32
		{4082E196-563B-4EDC-A877-2B6ABF235D1E}.Release|Any CPU.ActiveCfg = Release|Win32
		{4082E196-563B-4EDC-A877-2B6ABF235D1E}.Release|x64.ActiveCfg = Release|x64
		{4082E196-563B-4EDC-A877-2B6ABF235D1E}.Release|x64.Build.0 = Release|x64
		{4082E196-563B-4EDC-A877-2B6ABF235D1E}.Release|x86.ActiveCfg = Release|Win32
		{4082E196-563B-4EDC-A877-2B6ABF235D1E}.Release|x86.Build.0 = Release|Win32
		{FB4E60D0-0162-4091-8A9F-828AE73914E3}.Debug|Any CPU.ActiveCfg = Debug|Win32
		{FB4E60D0-0162-4091-8A9F-828AE73914E3}.Debug|x64.ActiveCfg = Debug|x64
		{FB4E60D0-0162-4091-8A9F-828AE73914E3}.Debug|x64.Build.0 = Debug|x64
		{FB4E60D0-0162-4091-8A9F-828AE73914E3}.Debug|x86.ActiveCfg = Debug|Win32
		{FB4E60D0-0162-4091-8A9F-828AE73914E3}.Debug|x86.Build.0 = Debug|Win32
		{FB4E60D0-0162-4091-8A9F-828AE73914E3}.Release|Any CPU.ActiveCfg = Release|Win32
		{FB4E60D0-0162-4091-8A9F-828AE73914E3}.Release|x64.ActiveCfg = Release|x64
		{FB4E60D0-0162-4091-8A9F-828AE73914E3}.Release|x64.Build.0 = Release|x64
		{FB4E60D0-0162-4091-8A9F-828AE73914E3}.Release|x86.ActiveCfg = Release|Win32
		{FB4E60D0-0162-4091-8A9F-828AE73914E3}.Release|x86.Build.0 = Release|Win32
		{442C989A-B499-4FD1-A95A-094C79804F99}.Debug|Any CPU.ActiveCfg = Debug|Win32
		{442C989A-B499-4FD1-A95A-094C79804F99}.Debug|x64.ActiveCfg = Debug|x64
		{442C989A-B499-4FD1-A95A-094C79804F99}.Debug|x64.Build.0 = Debug|x64
		{442C989A-B499-4FD1-A95A-094C79804F99}.Debug|x86.ActiveCfg = Debug|Win32
		{442C989A-B499-4FD1-A95A-094C79804F99}.Debug|x86.Build.0 = Debug|Win32
		{442C989A-B499-4FD1-A95A-094C79804F99}.Release|Any CPU.ActiveCfg = Release|Win32
		{442C989A-B499-4FD1-A95A-094C79804F99}.Release|x64.ActiveCfg = Release|x64
		{442C989A-B499-4FD1-A95A-094C79804F99}.Release|x64.Build.0 = Release|x64
		{442C989A-B499-4FD1-A95A-094C79804F99}.Release|x86.ActiveCfg = Release|Win32
		{442C989A-B499-4FD1-A95A-094C79804F99}.Release|x86.Build.0 = Release|Win32
		{4B940A7A-5420-4E03-9DB8-E704F7F4A179}.Debug|Any CPU.ActiveCfg = Debug|Win32
		{4B940A7A-5420-4E03-9DB8-E704F7F4A179}.Debug|x64.ActiveCfg = Debug|x64
		{4B940A7A-5420-4E03-9DB8-E704F7F4A179}.Debug|x64.Build.0 = Debug|x64
		{4B940A7A-5420-4E03-9DB8-E704F7F4A179}.Debug|x86.ActiveCfg = Debug|Win32
		{4B940A7A-5420-4E03-9DB8-E704F7F4A179}.Debug|x86.Build.0 = Debug|Win32
		{4B940A7A-5420-4E03-9DB8-E704F7F4A179}.Release|Any CPU.ActiveCfg = Release|Win32
		{4B940A7A-5420-4E03-9DB8-E704F7F4A179}.Release|x64.ActiveCfg = Release|x64
		{4B940A7A-5420-4E03-9DB8-E704F7F4A179}.Release|x64.Build.0 = Release|x64
		{4B940A7A-5420-4E03-9DB8-E704F7F4A179}.Release|x86.ActiveCfg = Release|Win32
		{4B940A7A-5420-4E03-9DB8-E704F7F4A179}.Release|x86.Build.0 = Release|Win32
		{25563409-6CDD-481C-B8BA-88D4745CDE02}.Debug|Any CPU.ActiveCfg = Debug|Win32
		{25563409-6CDD-481C-B8BA-88D4745CDE02}.Debug|x64.ActiveCfg = Debug|x64
		{25563409-6CDD-481C-B8BA-88D4745CDE02}.Debug|x64.Build.0 = Debug|x64
		{25563409-6CDD-481C-B8BA-88D4745CDE02}.Debug|x86.ActiveCfg = Debug|Win32
		{25563409-6CDD-481C-B8BA-88D4745CDE02}.Debug|x86.Build.0 = Debug|Win32
		{25563409-6CDD-481C-B8BA-88D4745CDE02}.Release|Any CPU.ActiveCfg = Release|Win32
		{25563409-6CDD-481C-B8BA-88D4745CDE02}.Release|x64.ActiveCfg = Release|x64
		{25563409-6CDD-481C-B8BA-88D4745CDE02}.Release|x64.Build.0 = Release|x64
		{25563409-6CDD-481C-B8BA-88D4745CDE02}.Release|x86.ActiveCfg = Release|Win32
		{25563409-6CDD-481C-B8BA-88D4745CDE02}.Release|x86.Build.0 = Release|Win32
		{5AE98FBD-0663-4D2B-B018-4FDD5ABB27DE}.Debug|Any CPU.ActiveCfg = Debug|Win32
		{5AE98FBD-0663-4D2B-B018-4FDD5ABB27DE}.Debug|x64.ActiveCfg = Debug|x64
		{5AE98FBD-0663-4D2B-B018-4FDD5ABB27DE}.Debug|x64.Build.0 = Debug|x64
		{5AE98FBD-0663-4D2B-B018-4FDD5ABB27DE}.Debug|x86.ActiveCfg = Debug|Win32
		{5AE98FBD-0663-4D2B-B018-4FDD5ABB27DE}.Debug|x86.Build.0 = Debug|Win32
		{5AE98FBD-0663-4D2B-B018-4FDD5ABB27DE}.Release|Any CPU.ActiveCfg = Release|Win32
		{5AE98FBD-0663-4D2B-B018-4FDD5ABB27DE}.Release|x64.ActiveCfg = Release|x64
		{5AE98FBD-0663-4D2B-B018-4FDD5ABB27DE}.Release|x64.Build.0 = Release|x64
		{5AE98FBD-0663-4D2B-B018-4FDD5ABB27DE}.Release|x86.ActiveCfg = Release|Win32
		{5AE98FBD-0663-4D2B-B018-4FDD5ABB27DE}.Release|x86.Build.0 = Release|Win32
		{A85EE9BF-4670-4264-9E00-874216039452}.Debug|Any CPU.ActiveCfg = Debug|Win32
		{A85EE9BF-4670-4264-9E00-874216039452}.Debug|x64.ActiveCfg = Debug|x64
		{A85EE9BF-4670-4264-9E00-874216039452}.Debug|x64.Build.0 = Debug|x64
		{A85EE9BF-4670-4264-9E00-874216039452}.Debug|x86.ActiveCfg = Debug|Win32
		{A85EE9BF-4670-4264-9E00-874216039452}.Debug|x86.Build.0 = Debug|Win32
		{A85EE9BF-4670-4264-9E00-874216039452}.Release|Any CPU.ActiveCfg = Release|Win32
		{A85EE9BF-4670-4264-9E00-874216039452}.Release|x64.ActiveCfg = Release|x64
		{A85EE9BF-4670-4264-9E00-874216039452}.Release|x64.Build.0 = Release|x64
		{A85EE9BF-4670-4264-9E00-874216039452}.Release|x86.ActiveCfg = Release|Win32
		{A85EE9BF-4670-4264-9E00-874216039452}.Release|x86.Build.0 = Release|Win32
		{FD08DDDB-2696-46F3-B502-67C8FC87E1EC}.Debug|Any CPU.ActiveCfg = Debug|Win32
		{FD08DDDB-2696-46F3-B502-67C8FC87E1EC}.Debug|x64.ActiveCfg = Debug|x64
		{FD08DDDB-2696-46F3-B502-67C8FC87E1EC}.Debug|x64.Build.0 = Debug|x64
		{FD08DDDB-2696-46F3-B502-67C8FC87E1EC}.Debug|x86.ActiveCfg = Debug|Win32
		{FD08DDDB-2696-46F3-B502-67C8FC87E1EC}.Debug|x86.Build.0 = Debug|Win32
		{FD08DDDB-2696-46F3-B502-67C8FC87E1EC}.Release|Any CPU.ActiveCfg = Release|Win32
		{FD08DDDB-2696-46F3-B502-67C8FC87E1EC}.Release|x64.ActiveCfg = Release|x64
		{FD08DDDB-2696-46F3-B502-67C8FC87E1EC}.Release|x64.Build.0 = Release|x64
		{FD08DDDB-2696-46F3-B502-67C8FC87E1EC}.Release|x86.ActiveCfg = Release|Win32
		{FD08DDDB-2696-46F3-B502-67C8FC87E1EC}.Release|x86.Build.0 = Release|Win32
		{8BC286EB-DC96-4889-985B-1E012544FF27}.Debug|Any CPU.ActiveCfg = Debug|Win32
		{8BC286EB-DC96-4889-985B-1E012544FF27}.Debug|x64.ActiveCfg = Debug|x64
		{8BC286EB-DC96-4889-985B-1E012544FF27}.Debug|x64.Build.0 = Debug|x64
		{8BC286EB-DC96-4889-985B-1E012544FF27}.Debug|x86.ActiveCfg = Debug|Win32
		{8BC286EB-DC96-4889-985B-1E012544FF27}.Debug|x86.Build.0 = Debug|Win32
		{8BC286EB-DC96-4889-985B-1E012544FF27}.Release|Any CPU.ActiveCfg = Release|Win32
		{8BC286EB-DC96-4889-985B-1E012544FF27}.Release|x64.ActiveCfg = Release|x64
		{8BC286EB-DC96-4889-985B-1E012544FF27}.Release|x64.Build.0 = Release|x64
		{8BC286EB-DC96-4889-985B-1E012544FF27}.Release|x86.ActiveCfg = Release|Win32
		{8BC286EB-DC96-4889-985B-1E012544FF27}.Release|x86.Build.0 = Release|Win32
		{122B6A97-909B-490F-8E07-E883B7BF4460}.Debug|Any CPU.ActiveCfg = Debug|Win32
		{122B6A97-909B-490F-8E07-E883B7BF4460}.Debug|x64.ActiveCfg = Debug|x64
		{122B6A97-909B-490F-8E07-E883B7BF4460}.Debug|x64.Build.0 = Debug|x64
		{122B6A97-909B-490F-8E07-E883B7BF4460}.Debug|x86.ActiveCfg = Debug|Win32
		{122B6A97-909B-490F-8E07-E883B7BF4460}.Debug|x86.Build.0 = Debug|Win32
		{122B6A97-909B-490F-8E07-E883B7BF4460}.Release|Any CPU.ActiveCfg = Release|Win32
		{122B6A97-909B-490F-8E07-E883B7BF4460}.Release|x64.ActiveCfg = Release|x64
		{122B6A97-909B-490F-8E07-E883B7BF4460}.Release|x64.Build.0 = Release|x64
		{122B6A97-909B-490F-8E07-E883B7BF4460}.Release|x86.ActiveCfg = Release|Win32
		{122B6A97-909B-490F-8E07-E883B7BF4460}.Release|x86.Build.0 = Release|Win32
		{594FBF20-F9DD-4CB1-A971-61263A48D5C0}.Debug|Any CPU.ActiveCfg = Debug|Win32
		{594FBF20-F9DD-4CB1-A971-61263A48D5C0}.Debug|x64.ActiveCfg = Debug|x64
		{594FBF20-F9DD-4CB1-A971-61263A48D5C0}.Debug|x64.Build.0 = Debug|x64
		{594FBF20-F9DD-4CB1-A971-61263A48D5C0}.Debug|x86.ActiveCfg = Debug|Win32
		{594FBF20-F9DD-4CB1-A971-61263A48D5C0}.Debug|x86.Build.0 = Debug|Win32
		{594FBF20-F9DD-4CB1-A971-61263A48D5C0}.Release|Any CPU.ActiveCfg = Release|Win32
		{594FBF20-F9DD-4CB1-A971-61263A48D5C0}.Release|x64.ActiveCfg = Release|x64
		{594FBF20-F9DD-4CB1-A971-61263A48D5C0}.Release|x64.Build.0 = Release|x64
		{594FBF20-F9DD-4CB1-A971-61263A48D5C0}.Release|x86.ActiveCfg = Release|Win32
		{594FBF20-F9DD-4CB1-A971-61263A48D5C0}.Release|x86.Build.0 = Release|Win32
		{DFE2EB04-8A32-432E-B747-096E3CDD9D6B}.Debug|Any CPU.ActiveCfg = Debug|Win32
		{DFE2EB04-8A32-432E-B747-096E3CDD9D6B}.Debug|x64.ActiveCfg = Debug|x64
		{DFE2EB04-8A32-432E-B747-096E3CDD9D6B}.Debug|x64.Build.0 = Debug|x64
		{DFE2EB04-8A32-432E-B747-096E3CDD9D6B}.Debug|x86.ActiveCfg = Debug|Win32
		{DFE2EB04-8A32-432E-B747-096E3CDD9D6B}.Debug|x86.Build.0 = Debug|Win32
		{DFE2EB04-8A32-432E-B747-096E3CDD9D6B}.Release|Any CPU.ActiveCfg = Release|Win32
		{DFE2EB04-8A32-432E-B747-096E3CDD9D6B}.Release|x64.ActiveCfg = Release|x64
		{DFE2EB04-8A32-432E-B747-096E3CDD9D6B}.Release|x64.Build.0 = Release|x64
		{DFE2EB04-8A32-432E-B747-096E3CDD9D6B}.Release|x86.ActiveCfg = Release|Win32
		{DFE2EB04-8A32-432E-B747-096E3CDD9D6B}.Release|x86.Build.0 = Release|Win32
		{0FEFF443-563F-4163-AB89-F028350D0924}.Debug|Any CPU.ActiveCfg = Debug|Win32
		{0FEFF443-563F-4163-AB89-F028350D0924}.Debug|x64.ActiveCfg = Debug|x64
		{0FEFF443-563F-4163-AB89-F028350D0924}.Debug|x64.Build.0 = Debug|x64
		{0FEFF443-563F-4163-AB89-F028350D0924}.Debug|x86.ActiveCfg = Debug|Win32
		{0FEFF443-563F-4163-AB89-F028350D0924}.Debug|x86.Build.0 = Debug|Win32
		{0FEFF443-563F-4163-AB89-F028350D0924}.Release|Any CPU.ActiveCfg = Release|Win32
		{0FEFF443-563F-4163-AB89-F028350D0924}.Release|x64.ActiveCfg = Release|x64
		{0FEFF443-563F-4163-AB89-F028350D0924}.Release|x64.Build.0 = Release|x64
		{0FEFF443-563F-4163-AB89-F028350D0924}.Release|x86.ActiveCfg = Release|Win32
		{0FEFF443-563F-4163-AB89-F028350D0924}.Release|x86.Build.0 = Release|Win32
		{C27FF94F-D59C-4D39-A9F1-2DE46D660662}.Debug|Any CPU.ActiveCfg = Debug|Win32
		{C27FF94F-D59C-4D39-A9F1-2DE46D660662}.Debug|x64.ActiveCfg = Debug|x64
		{C27FF94F-D59C-4D39-A9F1-2DE46D660662}.Debug|x64.Build.0 = Debug|x64
		{C27FF94F-D59C-4D39-A9F1-2DE46D660662}.Debug|x86.ActiveCfg = Debug|Win32
		{C27FF94F-D59C-4D39-A9F1-2DE46D660662}.Debug|x86.Build.0 = Debug|Win32
		{C27FF94F-D59C-4D39-A9F1-2DE46D660662}.Release|Any CPU.ActiveCfg = Release|Win32
		{C27FF94F-D59C-4D39-A9F1-2DE46D660662}.Release|x64.ActiveCfg = Release|x64
		{C27FF94F-D59C-4D39-A9F1-2DE46D660662}.Release|x64.Build.0 = Release|x64
		{C27FF94F-D59C-4D39-A9F1-2DE46D660662}.Release|x86.ActiveCfg = Release|Win32
		{C27FF94F-D59C-4D39-A9F1-2DE46D660662}.Release|x86.Build.0 = Release|Win32
		{DFD8CB01-A272-4DA3-987B-1326B737860C}.Debug|Any CPU.ActiveCfg = Debug|Win32
		{DFD8CB01-A272-4DA3-987B-1326B737860C}.Debug|x64.ActiveCfg = Debug|x64
		{DFD8CB01-A272-4DA3-987B-1326B737860C}.Debug|x64.Build.0 = Debug|x64
		{DFD8CB01-A272-4DA3-987B-1326B737860C}.Debug|x86.ActiveCfg = Debug|Win32
		{DFD8CB01-A272-4DA3-987B-1326B737860C}.Debug|x86.Build.0 = Debug|Win32
		{DFD8CB01-A272-4DA3-987B-1326B737860C}.Release|Any CPU.ActiveCfg = Release|Win32
		{DFD8CB01-A272-4DA3-987B-1326B737860C}.Release|x64.ActiveCfg = Release|x64
		{DFD8CB01-A272-4DA3-987B-1326B737860C}.Release|x64.Build.0 = Release|x64
		{DFD8CB01-A272-4DA3-987B-1326B737860C}.Release|x86.ActiveCfg = Release|Win32
		{DFD8CB01-A272-4DA3-987B-1326B737860C}.Release|x86.Build.0 = Release|Win32
		{7BF341AC-AA88-463F-BCEA-62CA6A57980C}.Debug|Any CPU.ActiveCfg = Debug|Win32
		{7BF341AC-AA88-463F-BCEA-62CA6A57980C}.Debug|x64.ActiveCfg = Debug|x64
		{7BF341AC-AA88-463F-BCEA-62CA6A57980C}.Debug|x64.Build.0 = Debug|x64
		{7BF341AC-AA88-463F-BCEA-62CA6A57980C}.Debug|x86.ActiveCfg = Debug|Win32
		{7BF341AC-AA88-463F-BCEA-62CA6A57980C}.Debug|x86.Build.0 = Debug|Win32
		{7BF341AC-AA88-463F-BCEA-62CA6A57980C}.Release|Any CPU.ActiveCfg = Release|Win32
		{7BF341AC-AA88-463F-BCEA-62CA6A57980C}.Release|x64.ActiveCfg = Release|x64
		{7BF341AC-AA88-463F-BCEA-62CA6A57980C}.Release|x64.Build.0 = Release|x64
		{7BF341AC-AA88-463F-BCEA-62CA6A57980C}.Release|x86.ActiveCfg = Release|Win32
		{7BF341AC-AA88-463F-BCEA-62CA6A57980C}.Release|x86.Build.0 = Release|Win32
		{B940F0DC-2950-4B84-957F-287CC3B0D55C}.Debug|Any CPU.ActiveCfg = Debug|Win32
		{B940F0DC-2950-4B84-957F-287CC3B0D55C}.Debug|x64.ActiveCfg = Debug|x64
		{B940F0DC-2950-4B84-957F-287CC3B0D55C}.Debug|x64.Build.0 = Debug|x64
		{B940F0DC-2950-4B84-957F-287CC3B0D55C}.Debug|x86.ActiveCfg = Debug|Win32
		{B940F0DC-2950-4B84-957F-287CC3B0D55C}.Debug|x86.Build.0 = Debug|Win32
		{B940F0DC-2950-4B84-957F-287CC3B0D55C}.Release|Any CPU.ActiveCfg = Release|Win32
		{B940F0DC-2950-4B84-957F-287CC3B0D55C}.Release|x64.ActiveCfg = Release|x64
		{B940F0DC-2950-4B84-957F-287CC3B0D55C}.Release|x64.Build.0 = Release|x64
		{B940F0DC-2950-4B84-957F-287CC3B0D55C}.Release|x86.ActiveCfg = Release|Win32
		{B940F0DC-2950-4B84-957F-287CC3B0D55C}.Release|x86.Build.0 = Release|Win32
		{2C05DE24-8AC0-47EE-AB06-ECACE5750E03}.Debug|Any CPU.ActiveCfg = Debug|Win32
		{2C05DE24-8AC0-47EE-AB06-ECACE5750E03}.Debug|x64.ActiveCfg = Debug|x64
		{2C05DE24-8AC0-47EE-AB06-ECACE5750E03}.Debug|x64.Build.0 = Debug|x64
		{2C05DE24-8AC0-47EE-AB06-ECACE5750E03}.Debug|x86.ActiveCfg = Debug|Win32
		{2C05DE24-8AC0-47EE-AB06-ECACE5750E03}.Debug|x86.Build.0 = Debug|Win32
		{2C05DE24-8AC0-47EE-AB06-ECACE5750E03}.Release|Any CPU.ActiveCfg = Release|Win32
		{2C05DE24-8AC0-47EE-AB06-ECACE5750E03}.Release|x64.ActiveCfg = Release|x64
		{2C05DE24-8AC0-47EE-AB06-ECACE5750E03}.Release|x64.Build.0 = Release|x64
		{2C05DE24-8AC0-47EE-AB06-ECACE5750E03}.Release|x86.ActiveCfg = Release|Win32
		{2C05DE24-8AC0-47EE-AB06-ECACE5750E03}.Release|x86.Build.0 = Release|Win32
		{D3BDA550-C617-4980-B1DE-647108CF5E92}.Debug|Any CPU.ActiveCfg = Debug|Win32
		{D3BDA550-C617-4980-B1DE-647108CF5E92}.Debug|x64.ActiveCfg = Debug|x64
		{D3BDA550-C617-4980-B1DE-647108CF5E92}.Debug|x64.Build.0 = Debug|x64
		{D3BDA550-C617-4980-B1DE-647108CF5E92}.Debug|x86.ActiveCfg = Debug|Win32
		{D3BDA550-C617-4980-B1DE-647108CF5E92}.Debug|x86.Build.0 = Debug|Win32
		{D3BDA550-C617-4980-B1DE-647108CF5E92}.Release|Any CPU.ActiveCfg = Release|Win32
		{D3BDA550-C617-4980-B1DE-647108CF5E92}.Release|x64.ActiveCfg = Release|x64
		{D3BDA550-C617-4980-B1DE-647108CF5E92}.Release|x64.Build.0 = Release|x64
		{D3BDA550-C617-4980-B1DE-647108CF5E92}.Release|x86.ActiveCfg = Release|Win32
		{D3BDA550-C617-4980-B1DE-647108CF5E92}.Release|x86.Build.0 = Release|Win32
		{CA861447-27CB-4843-A479-7AEB6EC4E521}.Debug|Any CPU.ActiveCfg = Debug|Win32
		{CA861447-27CB-4843-A479-7AEB6EC4E521}.Debug|x64.ActiveCfg = Debug|x64
		{CA861447-27CB-4843-A479-7AEB6EC4E521}.Debug|x64.Build.0 = Debug|x64
		{CA861447-27CB-4843-A479-7AEB6EC4E521}.Debug|x86.ActiveCfg = Debug|Win32
		{CA861447-27CB-4843-A479-7AEB6EC4E521}.Debug|x86.Build.0 = Debug|Win32
		{CA861447-27CB-4843-A479-7AEB6EC4E521}.Release|Any CPU.ActiveCfg = Release|Win32
		{CA861447-27CB-4843-A479-7AEB6EC4E521}.Release|x64.ActiveCfg = Release|x64
		{CA861447-27CB-4843-A479-7AEB6EC4E521}.Release|x64.Build.0 = Release|x64
		{CA861447-27CB-4843-A479-7AEB6EC4E521}.Release|x86.ActiveCfg = Release|Win32
		{CA861447-27CB-4843-A479-7AEB6EC4E521}.Release|x86.Build.0 = Release|Win32
	EndGlobalSection
	GlobalSection(SolutionProperties) = preSolution
		HideSolutionNode = FALSE
	EndGlobalSection
	GlobalSection(ExtensibilityGlobals) = postSolution
		SolutionGuid = {C1A93BF9-066D-4DC9-9AE5-98E21682D174}
	EndGlobalSection
EndGlobal
